
Microsoft Visual Studio Solution File, Format Version 12.00
# Visual Studio Version 17
VisualStudioVersion = 17.0.32126.317
MinimumVisualStudioVersion = 10.0.40219.1
Project("{FAE04EC0-301F-11D3-BF4B-00C04F79EFBC}") = "IdentityProvider", "IdentityProvider\IdentityProvider.csproj", "{81DD8433-6622-455B-B8A2-B6C076A7323D}"
EndProject
Global
	GlobalSection(SolutionConfigurationPlatforms) = preSolution
		Debug|Any CPU = Debug|Any CPU
		Release|Any CPU = Release|Any CPU
	EndGlobalSection
	GlobalSection(ProjectConfigurationPlatforms) = postSolution
		{81DD8433-6622-455B-B8A2-B6C076A7323D}.Debug|Any CPU.ActiveCfg = Debug|Any CPU
		{81DD8433-6622-455B-B8A2-B6C076A7323D}.Debug|Any CPU.Build.0 = Debug|Any CPU
		{81DD8433-6622-455B-B8A2-B6C076A7323D}.Release|Any CPU.ActiveCfg = Release|Any CPU
		{81DD8433-6622-455B-B8A2-B6C076A7323D}.Release|Any CPU.Build.0 = Release|Any CPU
	EndGlobalSection
	GlobalSection(SolutionProperties) = preSolution
		HideSolutionNode = FALSE
	EndGlobalSection
	GlobalSection(ExtensibilityGlobals) = postSolution
		SolutionGuid = {D4D70A74-5935-426B-97CD-94B944A8CDD5}
	EndGlobalSection
EndGlobal
